
Microsoft Visual Studio Solution File, Format Version 12.00
# Visual Studio Version 17
VisualStudioVersion = 17.8.34511.84
MinimumVisualStudioVersion = 10.0.40219.1
Project("{FAE04EC0-301F-11D3-BF4B-00C04F79EFBC}") = "TranDuyKhoa_Tuan2", "TranDuyKhoa_Tuan2\TranDuyKhoa_Tuan2.csproj", "{5C2C9343-40AD-476B-8D89-7D8F9654B9E3}"
EndProject
Global
	GlobalSection(SolutionConfigurationPlatforms) = preSolution
		Debug|Any CPU = Debug|Any CPU
		Release|Any CPU = Release|Any CPU
	EndGlobalSection
	GlobalSection(ProjectConfigurationPlatforms) = postSolution
		{5C2C9343-40AD-476B-8D89-7D8F9654B9E3}.Debug|Any CPU.ActiveCfg = Debug|Any CPU
		{5C2C9343-40AD-476B-8D89-7D8F9654B9E3}.Debug|Any CPU.Build.0 = Debug|Any CPU
		{5C2C9343-40AD-476B-8D89-7D8F9654B9E3}.Release|Any CPU.ActiveCfg = Release|Any CPU
		{5C2C9343-40AD-476B-8D89-7D8F9654B9E3}.Release|Any CPU.Build.0 = Release|Any CPU
	EndGlobalSection
	GlobalSection(SolutionProperties) = preSolution
		HideSolutionNode = FALSE
	EndGlobalSection
	GlobalSection(ExtensibilityGlobals) = postSolution
		SolutionGuid = {AA6083EE-410E-4966-8582-162C706E2092}
	EndGlobalSection
EndGlobal
